// !$*UTF8*$!
{
	archiveVersion = 1;
	classes = {
	};
	objectVersion = 46;
	objects = {

/* Begin PBXBuildFile section */
		BBB13C95DDB476B2010D9D89 /* Pods_Starfly.framework in Frameworks */ = {isa = PBXBuildFile; fileRef = 13E279E2CB4E3B8CAD125F80 /* Pods_Starfly.framework */; };
		E253A6A01E0344E9000C2F12 /* GradientView.swift in Sources */ = {isa = PBXBuildFile; fileRef = E253A69F1E0344E9000C2F12 /* GradientView.swift */; };
		E253A6A21E035022000C2F12 /* SideTabBarViewController.swift in Sources */ = {isa = PBXBuildFile; fileRef = E253A6A11E035022000C2F12 /* SideTabBarViewController.swift */; };
		E2879D811E0359C300433ABC /* SideBarView.swift in Sources */ = {isa = PBXBuildFile; fileRef = E2879D801E0359C300433ABC /* SideBarView.swift */; };
		E2B4BEA41D7EB21700A013C9 /* AppDelegate.swift in Sources */ = {isa = PBXBuildFile; fileRef = E2B4BEA31D7EB21700A013C9 /* AppDelegate.swift */; };
		E2B4BEA61D7EB21700A013C9 /* ViewController.swift in Sources */ = {isa = PBXBuildFile; fileRef = E2B4BEA51D7EB21700A013C9 /* ViewController.swift */; };
		E2B4BEA91D7EB21700A013C9 /* Main.storyboard in Resources */ = {isa = PBXBuildFile; fileRef = E2B4BEA71D7EB21700A013C9 /* Main.storyboard */; };
		E2B4BEAE1D7EB21700A013C9 /* Assets.xcassets in Resources */ = {isa = PBXBuildFile; fileRef = E2B4BEAD1D7EB21700A013C9 /* Assets.xcassets */; };
		E2B4BEB11D7EB21700A013C9 /* LaunchScreen.storyboard in Resources */ = {isa = PBXBuildFile; fileRef = E2B4BEAF1D7EB21700A013C9 /* LaunchScreen.storyboard */; };
		E2B4BEBC1D7EB21700A013C9 /* StarflyTests.swift in Sources */ = {isa = PBXBuildFile; fileRef = E2B4BEBB1D7EB21700A013C9 /* StarflyTests.swift */; };
		E2B4BEC71D7EB21700A013C9 /* StarflyUITests.swift in Sources */ = {isa = PBXBuildFile; fileRef = E2B4BEC61D7EB21700A013C9 /* StarflyUITests.swift */; };
		E2B5B9841D7F2C0100B7E402 /* Podfile in Resources */ = {isa = PBXBuildFile; fileRef = E2B5B9831D7F2C0100B7E402 /* Podfile */; };
		E2D70B861E060DF0003F2B9F /* UIColor+Extensions.swift in Sources */ = {isa = PBXBuildFile; fileRef = E2D70B851E060DF0003F2B9F /* UIColor+Extensions.swift */; };
		E2D70B881E06126E003F2B9F /* SideTab.xib in Resources */ = {isa = PBXBuildFile; fileRef = E2D70B871E06126E003F2B9F /* SideTab.xib */; };
		E2D70B8B1E061834003F2B9F /* TabViewModel.swift in Sources */ = {isa = PBXBuildFile; fileRef = E2D70B8A1E061834003F2B9F /* TabViewModel.swift */; };
		E2D70B8E1E061A04003F2B9F /* TabsItem.swift in Sources */ = {isa = PBXBuildFile; fileRef = E2D70B8D1E061A04003F2B9F /* TabsItem.swift */; };
		E2D70B901E061B7E003F2B9F /* Tabs.swift in Sources */ = {isa = PBXBuildFile; fileRef = E2D70B8F1E061B7E003F2B9F /* Tabs.swift */; };
		E2D70B921E061C7E003F2B9F /* TabsTests.swift in Sources */ = {isa = PBXBuildFile; fileRef = E2D70B911E061C7E003F2B9F /* TabsTests.swift */; };
		E2D70B941E06EC67003F2B9F /* Constants.swift in Sources */ = {isa = PBXBuildFile; fileRef = E2D70B931E06EC67003F2B9F /* Constants.swift */; };
		E2D70B961E06ED9C003F2B9F /* TabCollectionViewCell.swift in Sources */ = {isa = PBXBuildFile; fileRef = E2D70B951E06ED9C003F2B9F /* TabCollectionViewCell.swift */; };
		E2D70B981E06F772003F2B9F /* TabCollectionViewCell.xib in Resources */ = {isa = PBXBuildFile; fileRef = E2D70B971E06F772003F2B9F /* TabCollectionViewCell.xib */; };
		E2D70B9B1E06F982003F2B9F /* SideBarCollectionViewCell.swift in Sources */ = {isa = PBXBuildFile; fileRef = E2D70B991E06F982003F2B9F /* SideBarCollectionViewCell.swift */; };
/* End PBXBuildFile section */

/* Begin PBXContainerItemProxy section */
		E2B4BEB81D7EB21700A013C9 /* PBXContainerItemProxy */ = {
			isa = PBXContainerItemProxy;
			containerPortal = E2B4BE981D7EB21700A013C9 /* Project object */;
			proxyType = 1;
			remoteGlobalIDString = E2B4BE9F1D7EB21700A013C9;
			remoteInfo = Starfly;
		};
		E2B4BEC31D7EB21700A013C9 /* PBXContainerItemProxy */ = {
			isa = PBXContainerItemProxy;
			containerPortal = E2B4BE981D7EB21700A013C9 /* Project object */;
			proxyType = 1;
			remoteGlobalIDString = E2B4BE9F1D7EB21700A013C9;
			remoteInfo = Starfly;
		};
/* End PBXContainerItemProxy section */

/* Begin PBXFileReference section */
		0C5A7C21528B6D30C8EFC105 /* Pods-Starfly.debug.xcconfig */ = {isa = PBXFileReference; includeInIndex = 1; lastKnownFileType = text.xcconfig; name = "Pods-Starfly.debug.xcconfig"; path = "Pods/Target Support Files/Pods-Starfly/Pods-Starfly.debug.xcconfig"; sourceTree = "<group>"; };
		13E279E2CB4E3B8CAD125F80 /* Pods_Starfly.framework */ = {isa = PBXFileReference; explicitFileType = wrapper.framework; includeInIndex = 0; path = Pods_Starfly.framework; sourceTree = BUILT_PRODUCTS_DIR; };
		4B51DD4D28A07B0FD13FBB52 /* Pods-Starfly.release.xcconfig */ = {isa = PBXFileReference; includeInIndex = 1; lastKnownFileType = text.xcconfig; name = "Pods-Starfly.release.xcconfig"; path = "Pods/Target Support Files/Pods-Starfly/Pods-Starfly.release.xcconfig"; sourceTree = "<group>"; };
		E253A69F1E0344E9000C2F12 /* GradientView.swift */ = {isa = PBXFileReference; fileEncoding = 4; lastKnownFileType = sourcecode.swift; path = GradientView.swift; sourceTree = "<group>"; };
		E253A6A11E035022000C2F12 /* SideTabBarViewController.swift */ = {isa = PBXFileReference; fileEncoding = 4; lastKnownFileType = sourcecode.swift; path = SideTabBarViewController.swift; sourceTree = "<group>"; };
		E2879D801E0359C300433ABC /* SideBarView.swift */ = {isa = PBXFileReference; fileEncoding = 4; lastKnownFileType = sourcecode.swift; path = SideBarView.swift; sourceTree = "<group>"; };
		E2B4BEA01D7EB21700A013C9 /* Starfly.app */ = {isa = PBXFileReference; explicitFileType = wrapper.application; includeInIndex = 0; path = Starfly.app; sourceTree = BUILT_PRODUCTS_DIR; };
		E2B4BEA31D7EB21700A013C9 /* AppDelegate.swift */ = {isa = PBXFileReference; lastKnownFileType = sourcecode.swift; path = AppDelegate.swift; sourceTree = "<group>"; };
		E2B4BEA51D7EB21700A013C9 /* ViewController.swift */ = {isa = PBXFileReference; lastKnownFileType = sourcecode.swift; path = ViewController.swift; sourceTree = "<group>"; };
		E2B4BEA81D7EB21700A013C9 /* Base */ = {isa = PBXFileReference; lastKnownFileType = file.storyboard; name = Base; path = Base.lproj/Main.storyboard; sourceTree = "<group>"; };
		E2B4BEAD1D7EB21700A013C9 /* Assets.xcassets */ = {isa = PBXFileReference; lastKnownFileType = folder.assetcatalog; path = Assets.xcassets; sourceTree = "<group>"; };
		E2B4BEB01D7EB21700A013C9 /* Base */ = {isa = PBXFileReference; lastKnownFileType = file.storyboard; name = Base; path = Base.lproj/LaunchScreen.storyboard; sourceTree = "<group>"; };
		E2B4BEB21D7EB21700A013C9 /* Info.plist */ = {isa = PBXFileReference; lastKnownFileType = text.plist.xml; path = Info.plist; sourceTree = "<group>"; };
		E2B4BEB71D7EB21700A013C9 /* StarflyTests.xctest */ = {isa = PBXFileReference; explicitFileType = wrapper.cfbundle; includeInIndex = 0; path = StarflyTests.xctest; sourceTree = BUILT_PRODUCTS_DIR; };
		E2B4BEBB1D7EB21700A013C9 /* StarflyTests.swift */ = {isa = PBXFileReference; lastKnownFileType = sourcecode.swift; path = StarflyTests.swift; sourceTree = "<group>"; };
		E2B4BEBD1D7EB21700A013C9 /* Info.plist */ = {isa = PBXFileReference; lastKnownFileType = text.plist.xml; path = Info.plist; sourceTree = "<group>"; };
		E2B4BEC21D7EB21700A013C9 /* StarflyUITests.xctest */ = {isa = PBXFileReference; explicitFileType = wrapper.cfbundle; includeInIndex = 0; path = StarflyUITests.xctest; sourceTree = BUILT_PRODUCTS_DIR; };
		E2B4BEC61D7EB21700A013C9 /* StarflyUITests.swift */ = {isa = PBXFileReference; lastKnownFileType = sourcecode.swift; path = StarflyUITests.swift; sourceTree = "<group>"; };
		E2B4BEC81D7EB21700A013C9 /* Info.plist */ = {isa = PBXFileReference; lastKnownFileType = text.plist.xml; path = Info.plist; sourceTree = "<group>"; };
		E2B5B9831D7F2C0100B7E402 /* Podfile */ = {isa = PBXFileReference; fileEncoding = 4; lastKnownFileType = text; path = Podfile; sourceTree = "<group>"; xcLanguageSpecificationIdentifier = xcode.lang.ruby; };
		E2D70B851E060DF0003F2B9F /* UIColor+Extensions.swift */ = {isa = PBXFileReference; fileEncoding = 4; lastKnownFileType = sourcecode.swift; path = "UIColor+Extensions.swift"; sourceTree = "<group>"; };
		E2D70B871E06126E003F2B9F /* SideTab.xib */ = {isa = PBXFileReference; fileEncoding = 4; lastKnownFileType = file.xib; path = SideTab.xib; sourceTree = "<group>"; };
		E2D70B8A1E061834003F2B9F /* TabViewModel.swift */ = {isa = PBXFileReference; fileEncoding = 4; lastKnownFileType = sourcecode.swift; path = TabViewModel.swift; sourceTree = "<group>"; };
		E2D70B8D1E061A04003F2B9F /* TabsItem.swift */ = {isa = PBXFileReference; fileEncoding = 4; lastKnownFileType = sourcecode.swift; path = TabsItem.swift; sourceTree = "<group>"; };
		E2D70B8F1E061B7E003F2B9F /* Tabs.swift */ = {isa = PBXFileReference; fileEncoding = 4; lastKnownFileType = sourcecode.swift; path = Tabs.swift; sourceTree = "<group>"; };
		E2D70B911E061C7E003F2B9F /* TabsTests.swift */ = {isa = PBXFileReference; fileEncoding = 4; lastKnownFileType = sourcecode.swift; path = TabsTests.swift; sourceTree = "<group>"; };
		E2D70B931E06EC67003F2B9F /* Constants.swift */ = {isa = PBXFileReference; fileEncoding = 4; lastKnownFileType = sourcecode.swift; path = Constants.swift; sourceTree = "<group>"; };
		E2D70B951E06ED9C003F2B9F /* TabCollectionViewCell.swift */ = {isa = PBXFileReference; fileEncoding = 4; lastKnownFileType = sourcecode.swift; path = TabCollectionViewCell.swift; sourceTree = "<group>"; };
		E2D70B971E06F772003F2B9F /* TabCollectionViewCell.xib */ = {isa = PBXFileReference; fileEncoding = 4; lastKnownFileType = file.xib; path = TabCollectionViewCell.xib; sourceTree = "<group>"; };
		E2D70B991E06F982003F2B9F /* SideBarCollectionViewCell.swift */ = {isa = PBXFileReference; fileEncoding = 4; lastKnownFileType = sourcecode.swift; path = SideBarCollectionViewCell.swift; sourceTree = "<group>"; };
/* End PBXFileReference section */

/* Begin PBXFrameworksBuildPhase section */
		E2B4BE9D1D7EB21700A013C9 /* Frameworks */ = {
			isa = PBXFrameworksBuildPhase;
			buildActionMask = 2147483647;
			files = (
				BBB13C95DDB476B2010D9D89 /* Pods_Starfly.framework in Frameworks */,
			);
			runOnlyForDeploymentPostprocessing = 0;
		};
		E2B4BEB41D7EB21700A013C9 /* Frameworks */ = {
			isa = PBXFrameworksBuildPhase;
			buildActionMask = 2147483647;
			files = (
			);
			runOnlyForDeploymentPostprocessing = 0;
		};
		E2B4BEBF1D7EB21700A013C9 /* Frameworks */ = {
			isa = PBXFrameworksBuildPhase;
			buildActionMask = 2147483647;
			files = (
			);
			runOnlyForDeploymentPostprocessing = 0;
		};
/* End PBXFrameworksBuildPhase section */

/* Begin PBXGroup section */
		06BCBC07EAA5DA95E8508026 /* Pods */ = {
			isa = PBXGroup;
			children = (
				0C5A7C21528B6D30C8EFC105 /* Pods-Starfly.debug.xcconfig */,
				4B51DD4D28A07B0FD13FBB52 /* Pods-Starfly.release.xcconfig */,
			);
			name = Pods;
			sourceTree = "<group>";
		};
		82218486B5354EA3767164DB /* Frameworks */ = {
			isa = PBXGroup;
			children = (
				13E279E2CB4E3B8CAD125F80 /* Pods_Starfly.framework */,
			);
			name = Frameworks;
			sourceTree = "<group>";
		};
		E253A6981E03432A000C2F12 /* ViewControllers */ = {
			isa = PBXGroup;
			children = (
				E2B4BEA51D7EB21700A013C9 /* ViewController.swift */,
				E253A6A11E035022000C2F12 /* SideTabBarViewController.swift */,
			);
			name = ViewControllers;
			sourceTree = "<group>";
		};
		E253A6991E03433A000C2F12 /* Storyboards */ = {
			isa = PBXGroup;
			children = (
				E2B4BEA71D7EB21700A013C9 /* Main.storyboard */,
				E2B4BEAF1D7EB21700A013C9 /* LaunchScreen.storyboard */,
			);
			name = Storyboards;
			sourceTree = "<group>";
		};
		E253A69A1E03434D000C2F12 /* Resources */ = {
			isa = PBXGroup;
			children = (
				E2B4BEB21D7EB21700A013C9 /* Info.plist */,
				E2B4BEAD1D7EB21700A013C9 /* Assets.xcassets */,
			);
			name = Resources;
			sourceTree = "<group>";
		};
		E253A69B1E034469000C2F12 /* Xibs */ = {
			isa = PBXGroup;
			children = (
				E2D70B871E06126E003F2B9F /* SideTab.xib */,
				E2D70B971E06F772003F2B9F /* TabCollectionViewCell.xib */,
			);
			name = Xibs;
			sourceTree = "<group>";
		};
		E253A69E1E0344CC000C2F12 /* Views */ = {
			isa = PBXGroup;
			children = (
				E253A69F1E0344E9000C2F12 /* GradientView.swift */,
				E2879D801E0359C300433ABC /* SideBarView.swift */,
				E2D70B951E06ED9C003F2B9F /* TabCollectionViewCell.swift */,
				E2D70B991E06F982003F2B9F /* SideBarCollectionViewCell.swift */,
			);
			name = Views;
			sourceTree = "<group>";
		};
		E2B4BE971D7EB21700A013C9 = {
			isa = PBXGroup;
			children = (
				E2B5B9831D7F2C0100B7E402 /* Podfile */,
				E2B4BEA21D7EB21700A013C9 /* Starfly */,
				E2B4BEBA1D7EB21700A013C9 /* StarflyTests */,
				E2B4BEC51D7EB21700A013C9 /* StarflyUITests */,
				E2B4BEA11D7EB21700A013C9 /* Products */,
				06BCBC07EAA5DA95E8508026 /* Pods */,
				82218486B5354EA3767164DB /* Frameworks */,
			);
			sourceTree = "<group>";
		};
		E2B4BEA11D7EB21700A013C9 /* Products */ = {
			isa = PBXGroup;
			children = (
				E2B4BEA01D7EB21700A013C9 /* Starfly.app */,
				E2B4BEB71D7EB21700A013C9 /* StarflyTests.xctest */,
				E2B4BEC21D7EB21700A013C9 /* StarflyUITests.xctest */,
			);
			name = Products;
			sourceTree = "<group>";
		};
		E2B4BEA21D7EB21700A013C9 /* Starfly */ = {
			isa = PBXGroup;
			children = (
				E2B4BEA31D7EB21700A013C9 /* AppDelegate.swift */,
				E253A6981E03432A000C2F12 /* ViewControllers */,
				E253A6991E03433A000C2F12 /* Storyboards */,
				E253A69E1E0344CC000C2F12 /* Views */,
				E253A69B1E034469000C2F12 /* Xibs */,
				E2D70B841E060DBF003F2B9F /* Extensions */,
				E2D70B8C1E0619F0003F2B9F /* Model */,
				E2D70B891E0617E6003F2B9F /* ViewModels */,
				E253A69A1E03434D000C2F12 /* Resources */,
			);
			path = Starfly;
			sourceTree = "<group>";
		};
		E2B4BEBA1D7EB21700A013C9 /* StarflyTests */ = {
			isa = PBXGroup;
			children = (
				E2B4BEBB1D7EB21700A013C9 /* StarflyTests.swift */,
				E2B4BEBD1D7EB21700A013C9 /* Info.plist */,
				E2D70B911E061C7E003F2B9F /* TabsTests.swift */,
			);
			path = StarflyTests;
			sourceTree = "<group>";
		};
		E2B4BEC51D7EB21700A013C9 /* StarflyUITests */ = {
			isa = PBXGroup;
			children = (
				E2B4BEC61D7EB21700A013C9 /* StarflyUITests.swift */,
				E2B4BEC81D7EB21700A013C9 /* Info.plist */,
			);
			path = StarflyUITests;
			sourceTree = "<group>";
		};
		E2D70B841E060DBF003F2B9F /* Extensions */ = {
			isa = PBXGroup;
			children = (
				E2D70B851E060DF0003F2B9F /* UIColor+Extensions.swift */,
				E2D70B931E06EC67003F2B9F /* Constants.swift */,
			);
			name = Extensions;
			sourceTree = "<group>";
		};
		E2D70B891E0617E6003F2B9F /* ViewModels */ = {
			isa = PBXGroup;
			children = (
				E2D70B8A1E061834003F2B9F /* TabViewModel.swift */,
			);
			name = ViewModels;
			sourceTree = "<group>";
		};
		E2D70B8C1E0619F0003F2B9F /* Model */ = {
			isa = PBXGroup;
			children = (
				E2D70B8D1E061A04003F2B9F /* TabsItem.swift */,
				E2D70B8F1E061B7E003F2B9F /* Tabs.swift */,
			);
			name = Model;
			sourceTree = "<group>";
		};
/* End PBXGroup section */

/* Begin PBXNativeTarget section */
		E2B4BE9F1D7EB21700A013C9 /* Starfly */ = {
			isa = PBXNativeTarget;
			buildConfigurationList = E2B4BECB1D7EB21700A013C9 /* Build configuration list for PBXNativeTarget "Starfly" */;
			buildPhases = (
				12F0392DDAC966A4A4747962 /* [CP] Check Pods Manifest.lock */,
				E2B4BE9C1D7EB21700A013C9 /* Sources */,
				E2B4BE9D1D7EB21700A013C9 /* Frameworks */,
				E2B4BE9E1D7EB21700A013C9 /* Resources */,
				4875752F871CB8078C332FB3 /* [CP] Embed Pods Frameworks */,
				033707536BC425EE0D910C9E /* [CP] Copy Pods Resources */,
			);
			buildRules = (
			);
			dependencies = (
			);
			name = Starfly;
			productName = Starfly;
			productReference = E2B4BEA01D7EB21700A013C9 /* Starfly.app */;
			productType = "com.apple.product-type.application";
		};
		E2B4BEB61D7EB21700A013C9 /* StarflyTests */ = {
			isa = PBXNativeTarget;
			buildConfigurationList = E2B4BECE1D7EB21700A013C9 /* Build configuration list for PBXNativeTarget "StarflyTests" */;
			buildPhases = (
				E2B4BEB31D7EB21700A013C9 /* Sources */,
				E2B4BEB41D7EB21700A013C9 /* Frameworks */,
				E2B4BEB51D7EB21700A013C9 /* Resources */,
			);
			buildRules = (
			);
			dependencies = (
				E2B4BEB91D7EB21700A013C9 /* PBXTargetDependency */,
			);
			name = StarflyTests;
			productName = StarflyTests;
			productReference = E2B4BEB71D7EB21700A013C9 /* StarflyTests.xctest */;
			productType = "com.apple.product-type.bundle.unit-test";
		};
		E2B4BEC11D7EB21700A013C9 /* StarflyUITests */ = {
			isa = PBXNativeTarget;
			buildConfigurationList = E2B4BED11D7EB21700A013C9 /* Build configuration list for PBXNativeTarget "StarflyUITests" */;
			buildPhases = (
				E2B4BEBE1D7EB21700A013C9 /* Sources */,
				E2B4BEBF1D7EB21700A013C9 /* Frameworks */,
				E2B4BEC01D7EB21700A013C9 /* Resources */,
			);
			buildRules = (
			);
			dependencies = (
				E2B4BEC41D7EB21700A013C9 /* PBXTargetDependency */,
			);
			name = StarflyUITests;
			productName = StarflyUITests;
			productReference = E2B4BEC21D7EB21700A013C9 /* StarflyUITests.xctest */;
			productType = "com.apple.product-type.bundle.ui-testing";
		};
/* End PBXNativeTarget section */

/* Begin PBXProject section */
		E2B4BE981D7EB21700A013C9 /* Project object */ = {
			isa = PBXProject;
			attributes = {
				LastSwiftUpdateCheck = 0800;
				LastUpgradeCheck = 0800;
				ORGANIZATIONNAME = "Arturs Derkintis";
				TargetAttributes = {
					E2B4BE9F1D7EB21700A013C9 = {
						CreatedOnToolsVersion = 8.0;
						DevelopmentTeam = F7N28ZQT97;
						ProvisioningStyle = Automatic;
					};
					E2B4BEB61D7EB21700A013C9 = {
						CreatedOnToolsVersion = 8.0;
						DevelopmentTeam = F7N28ZQT97;
						ProvisioningStyle = Automatic;
						TestTargetID = E2B4BE9F1D7EB21700A013C9;
					};
					E2B4BEC11D7EB21700A013C9 = {
						CreatedOnToolsVersion = 8.0;
						DevelopmentTeam = F7N28ZQT97;
						ProvisioningStyle = Automatic;
						TestTargetID = E2B4BE9F1D7EB21700A013C9;
					};
				};
			};
			buildConfigurationList = E2B4BE9B1D7EB21700A013C9 /* Build configuration list for PBXProject "Starfly" */;
			compatibilityVersion = "Xcode 3.2";
			developmentRegion = English;
			hasScannedForEncodings = 0;
			knownRegions = (
				en,
				Base,
			);
			mainGroup = E2B4BE971D7EB21700A013C9;
			productRefGroup = E2B4BEA11D7EB21700A013C9 /* Products */;
			projectDirPath = "";
			projectRoot = "";
			targets = (
				E2B4BE9F1D7EB21700A013C9 /* Starfly */,
				E2B4BEB61D7EB21700A013C9 /* StarflyTests */,
				E2B4BEC11D7EB21700A013C9 /* StarflyUITests */,
			);
		};
/* End PBXProject section */

/* Begin PBXResourcesBuildPhase section */
		E2B4BE9E1D7EB21700A013C9 /* Resources */ = {
			isa = PBXResourcesBuildPhase;
			buildActionMask = 2147483647;
			files = (
				E2D70B981E06F772003F2B9F /* TabCollectionViewCell.xib in Resources */,
				E2B4BEB11D7EB21700A013C9 /* LaunchScreen.storyboard in Resources */,
				E2B4BEAE1D7EB21700A013C9 /* Assets.xcassets in Resources */,
				E2D70B881E06126E003F2B9F /* SideTab.xib in Resources */,
				E2B5B9841D7F2C0100B7E402 /* Podfile in Resources */,
				E2B4BEA91D7EB21700A013C9 /* Main.storyboard in Resources */,
			);
			runOnlyForDeploymentPostprocessing = 0;
		};
		E2B4BEB51D7EB21700A013C9 /* Resources */ = {
			isa = PBXResourcesBuildPhase;
			buildActionMask = 2147483647;
			files = (
			);
			runOnlyForDeploymentPostprocessing = 0;
		};
		E2B4BEC01D7EB21700A013C9 /* Resources */ = {
			isa = PBXResourcesBuildPhase;
			buildActionMask = 2147483647;
			files = (
			);
			runOnlyForDeploymentPostprocessing = 0;
		};
/* End PBXResourcesBuildPhase section */

/* Begin PBXShellScriptBuildPhase section */
		033707536BC425EE0D910C9E /* [CP] Copy Pods Resources */ = {
			isa = PBXShellScriptBuildPhase;
			buildActionMask = 2147483647;
			files = (
			);
			inputPaths = (
			);
			name = "[CP] Copy Pods Resources";
			outputPaths = (
			);
			runOnlyForDeploymentPostprocessing = 0;
			shellPath = /bin/sh;
			shellScript = "\"${SRCROOT}/Pods/Target Support Files/Pods-Starfly/Pods-Starfly-resources.sh\"\n";
			showEnvVarsInLog = 0;
		};
		12F0392DDAC966A4A4747962 /* [CP] Check Pods Manifest.lock */ = {
			isa = PBXShellScriptBuildPhase;
			buildActionMask = 2147483647;
			files = (
			);
			inputPaths = (
			);
			name = "[CP] Check Pods Manifest.lock";
			outputPaths = (
			);
			runOnlyForDeploymentPostprocessing = 0;
			shellPath = /bin/sh;
			shellScript = "diff \"${PODS_ROOT}/../Podfile.lock\" \"${PODS_ROOT}/Manifest.lock\" > /dev/null\nif [ $? != 0 ] ; then\n    # print error to STDERR\n    echo \"error: The sandbox is not in sync with the Podfile.lock. Run 'pod install' or update your CocoaPods installation.\" >&2\n    exit 1\nfi\n";
			showEnvVarsInLog = 0;
		};
		4875752F871CB8078C332FB3 /* [CP] Embed Pods Frameworks */ = {
			isa = PBXShellScriptBuildPhase;
			buildActionMask = 2147483647;
			files = (
			);
			inputPaths = (
			);
			name = "[CP] Embed Pods Frameworks";
			outputPaths = (
			);
			runOnlyForDeploymentPostprocessing = 0;
			shellPath = /bin/sh;
			shellScript = "\"${SRCROOT}/Pods/Target Support Files/Pods-Starfly/Pods-Starfly-frameworks.sh\"\n";
			showEnvVarsInLog = 0;
		};
/* End PBXShellScriptBuildPhase section */

/* Begin PBXSourcesBuildPhase section */
		E2B4BE9C1D7EB21700A013C9 /* Sources */ = {
			isa = PBXSourcesBuildPhase;
			buildActionMask = 2147483647;
			files = (
				E2D70B961E06ED9C003F2B9F /* TabCollectionViewCell.swift in Sources */,
				E2B4BEA61D7EB21700A013C9 /* ViewController.swift in Sources */,
				E2D70B861E060DF0003F2B9F /* UIColor+Extensions.swift in Sources */,
				E253A6A21E035022000C2F12 /* SideTabBarViewController.swift in Sources */,
				E2B4BEA41D7EB21700A013C9 /* AppDelegate.swift in Sources */,
				E2879D811E0359C300433ABC /* SideBarView.swift in Sources */,
				E2D70B941E06EC67003F2B9F /* Constants.swift in Sources */,
				E2D70B9B1E06F982003F2B9F /* SideBarCollectionViewCell.swift in Sources */,
				E2D70B901E061B7E003F2B9F /* Tabs.swift in Sources */,
				E2D70B8E1E061A04003F2B9F /* TabsItem.swift in Sources */,
				E2D70B8B1E061834003F2B9F /* TabViewModel.swift in Sources */,
				E253A6A01E0344E9000C2F12 /* GradientView.swift in Sources */,
			);
			runOnlyForDeploymentPostprocessing = 0;
		};
		E2B4BEB31D7EB21700A013C9 /* Sources */ = {
			isa = PBXSourcesBuildPhase;
			buildActionMask = 2147483647;
			files = (
				E2B4BEBC1D7EB21700A013C9 /* StarflyTests.swift in Sources */,
				E2D70B921E061C7E003F2B9F /* TabsTests.swift in Sources */,
			);
			runOnlyForDeploymentPostprocessing = 0;
		};
		E2B4BEBE1D7EB21700A013C9 /* Sources */ = {
			isa = PBXSourcesBuildPhase;
			buildActionMask = 2147483647;
			files = (
				E2B4BEC71D7EB21700A013C9 /* StarflyUITests.swift in Sources */,
			);
			runOnlyForDeploymentPostprocessing = 0;
		};
/* End PBXSourcesBuildPhase section */

/* Begin PBXTargetDependency section */
		E2B4BEB91D7EB21700A013C9 /* PBXTargetDependency */ = {
			isa = PBXTargetDependency;
			target = E2B4BE9F1D7EB21700A013C9 /* Starfly */;
			targetProxy = E2B4BEB81D7EB21700A013C9 /* PBXContainerItemProxy */;
		};
		E2B4BEC41D7EB21700A013C9 /* PBXTargetDependency */ = {
			isa = PBXTargetDependency;
			target = E2B4BE9F1D7EB21700A013C9 /* Starfly */;
			targetProxy = E2B4BEC31D7EB21700A013C9 /* PBXContainerItemProxy */;
		};
/* End PBXTargetDependency section */

/* Begin PBXVariantGroup section */
		E2B4BEA71D7EB21700A013C9 /* Main.storyboard */ = {
			isa = PBXVariantGroup;
			children = (
				E2B4BEA81D7EB21700A013C9 /* Base */,
			);
			name = Main.storyboard;
			sourceTree = "<group>";
		};
		E2B4BEAF1D7EB21700A013C9 /* LaunchScreen.storyboard */ = {
			isa = PBXVariantGroup;
			children = (
				E2B4BEB01D7EB21700A013C9 /* Base */,
			);
			name = LaunchScreen.storyboard;
			sourceTree = "<group>";
		};
/* End PBXVariantGroup section */

/* Begin XCBuildConfiguration section */
		E2B4BEC91D7EB21700A013C9 /* Debug */ = {
			isa = XCBuildConfiguration;
			buildSettings = {
				ALWAYS_SEARCH_USER_PATHS = NO;
				CLANG_ANALYZER_NONNULL = YES;
				CLANG_CXX_LANGUAGE_STANDARD = "gnu++0x";
				CLANG_CXX_LIBRARY = "libc++";
				CLANG_ENABLE_MODULES = YES;
				CLANG_ENABLE_OBJC_ARC = YES;
				CLANG_WARN_BOOL_CONVERSION = YES;
				CLANG_WARN_CONSTANT_CONVERSION = YES;
				CLANG_WARN_DIRECT_OBJC_ISA_USAGE = YES_ERROR;
				CLANG_WARN_DOCUMENTATION_COMMENTS = YES;
				CLANG_WARN_EMPTY_BODY = YES;
				CLANG_WARN_ENUM_CONVERSION = YES;
				CLANG_WARN_INFINITE_RECURSION = YES;
				CLANG_WARN_INT_CONVERSION = YES;
				CLANG_WARN_OBJC_ROOT_CLASS = YES_ERROR;
				CLANG_WARN_SUSPICIOUS_MOVES = YES;
				CLANG_WARN_UNREACHABLE_CODE = YES;
				CLANG_WARN__DUPLICATE_METHOD_MATCH = YES;
				"CODE_SIGN_IDENTITY[sdk=iphoneos*]" = "iPhone Developer";
				COPY_PHASE_STRIP = NO;
				DEBUG_INFORMATION_FORMAT = dwarf;
				ENABLE_STRICT_OBJC_MSGSEND = YES;
				ENABLE_TESTABILITY = YES;
				GCC_C_LANGUAGE_STANDARD = gnu99;
				GCC_DYNAMIC_NO_PIC = NO;
				GCC_NO_COMMON_BLOCKS = YES;
				GCC_OPTIMIZATION_LEVEL = 0;
				GCC_PREPROCESSOR_DEFINITIONS = (
					"DEBUG=1",
					"$(inherited)",
				);
				GCC_WARN_64_TO_32_BIT_CONVERSION = YES;
				GCC_WARN_ABOUT_RETURN_TYPE = YES_ERROR;
				GCC_WARN_UNDECLARED_SELECTOR = YES;
				GCC_WARN_UNINITIALIZED_AUTOS = YES_AGGRESSIVE;
				GCC_WARN_UNUSED_FUNCTION = YES;
				GCC_WARN_UNUSED_VARIABLE = YES;
				IPHONEOS_DEPLOYMENT_TARGET = 10.0;
				MTL_ENABLE_DEBUG_INFO = YES;
				ONLY_ACTIVE_ARCH = YES;
				SDKROOT = iphoneos;
				SWIFT_ACTIVE_COMPILATION_CONDITIONS = DEBUG;
				SWIFT_OPTIMIZATION_LEVEL = "-Onone";
				TARGETED_DEVICE_FAMILY = "1,2";
			};
			name = Debug;
		};
		E2B4BECA1D7EB21700A013C9 /* Release */ = {
			isa = XCBuildConfiguration;
			buildSettings = {
				ALWAYS_SEARCH_USER_PATHS = NO;
				CLANG_ANALYZER_NONNULL = YES;
				CLANG_CXX_LANGUAGE_STANDARD = "gnu++0x";
				CLANG_CXX_LIBRARY = "libc++";
				CLANG_ENABLE_MODULES = YES;
				CLANG_ENABLE_OBJC_ARC = YES;
				CLANG_WARN_BOOL_CONVERSION = YES;
				CLANG_WARN_CONSTANT_CONVERSION = YES;
				CLANG_WARN_DIRECT_OBJC_ISA_USAGE = YES_ERROR;
				CLANG_WARN_DOCUMENTATION_COMMENTS = YES;
				CLANG_WARN_EMPTY_BODY = YES;
				CLANG_WARN_ENUM_CONVERSION = YES;
				CLANG_WARN_INFINITE_RECURSION = YES;
				CLANG_WARN_INT_CONVERSION = YES;
				CLANG_WARN_OBJC_ROOT_CLASS = YES_ERROR;
				CLANG_WARN_SUSPICIOUS_MOVES = YES;
				CLANG_WARN_UNREACHABLE_CODE = YES;
				CLANG_WARN__DUPLICATE_METHOD_MATCH = YES;
				"CODE_SIGN_IDENTITY[sdk=iphoneos*]" = "iPhone Developer";
				COPY_PHASE_STRIP = NO;
				DEBUG_INFORMATION_FORMAT = "dwarf-with-dsym";
				ENABLE_NS_ASSERTIONS = NO;
				ENABLE_STRICT_OBJC_MSGSEND = YES;
				GCC_C_LANGUAGE_STANDARD = gnu99;
				GCC_NO_COMMON_BLOCKS = YES;
				GCC_WARN_64_TO_32_BIT_CONVERSION = YES;
				GCC_WARN_ABOUT_RETURN_TYPE = YES_ERROR;
				GCC_WARN_UNDECLARED_SELECTOR = YES;
				GCC_WARN_UNINITIALIZED_AUTOS = YES_AGGRESSIVE;
				GCC_WARN_UNUSED_FUNCTION = YES;
				GCC_WARN_UNUSED_VARIABLE = YES;
				IPHONEOS_DEPLOYMENT_TARGET = 10.0;
				MTL_ENABLE_DEBUG_INFO = NO;
				SDKROOT = iphoneos;
				SWIFT_OPTIMIZATION_LEVEL = "-Owholemodule";
				TARGETED_DEVICE_FAMILY = "1,2";
				VALIDATE_PRODUCT = YES;
			};
			name = Release;
		};
		E2B4BECC1D7EB21700A013C9 /* Debug */ = {
			isa = XCBuildConfiguration;
			baseConfigurationReference = 0C5A7C21528B6D30C8EFC105 /* Pods-Starfly.debug.xcconfig */;
			buildSettings = {
				ASSETCATALOG_COMPILER_APPICON_NAME = AppIcon;
				DEVELOPMENT_TEAM = F7N28ZQT97;
				INFOPLIST_FILE = Starfly/Info.plist;
				LD_RUNPATH_SEARCH_PATHS = "$(inherited) @executable_path/Frameworks";
				PRODUCT_BUNDLE_IDENTIFIER = com.starfly.Starfly;
				PRODUCT_NAME = "$(TARGET_NAME)";
				SWIFT_VERSION = 3.0;
			};
			name = Debug;
		};
		E2B4BECD1D7EB21700A013C9 /* Release */ = {
			isa = XCBuildConfiguration;
			baseConfigurationReference = 4B51DD4D28A07B0FD13FBB52 /* Pods-Starfly.release.xcconfig */;
			buildSettings = {
				ASSETCATALOG_COMPILER_APPICON_NAME = AppIcon;
				DEVELOPMENT_TEAM = F7N28ZQT97;
				INFOPLIST_FILE = Starfly/Info.plist;
				LD_RUNPATH_SEARCH_PATHS = "$(inherited) @executable_path/Frameworks";
				PRODUCT_BUNDLE_IDENTIFIER = com.starfly.Starfly;
				PRODUCT_NAME = "$(TARGET_NAME)";
				SWIFT_VERSION = 3.0;
			};
			name = Release;
		};
		E2B4BECF1D7EB21700A013C9 /* Debug */ = {
			isa = XCBuildConfiguration;
			buildSettings = {
				BUNDLE_LOADER = "$(TEST_HOST)";
				DEVELOPMENT_TEAM = F7N28ZQT97;
				INFOPLIST_FILE = StarflyTests/Info.plist;
				LD_RUNPATH_SEARCH_PATHS = "$(inherited) @executable_path/Frameworks @loader_path/Frameworks";
				PRODUCT_BUNDLE_IDENTIFIER = com.starfly.StarflyTests;
				PRODUCT_NAME = "$(TARGET_NAME)";
				SWIFT_VERSION = 3.0;
				TEST_HOST = "$(BUILT_PRODUCTS_DIR)/Starfly.app/Starfly";
			};
			name = Debug;
		};
		E2B4BED01D7EB21700A013C9 /* Release */ = {
			isa = XCBuildConfiguration;
			buildSettings = {
				BUNDLE_LOADER = "$(TEST_HOST)";
				DEVELOPMENT_TEAM = F7N28ZQT97;
				INFOPLIST_FILE = StarflyTests/Info.plist;
				LD_RUNPATH_SEARCH_PATHS = "$(inherited) @executable_path/Frameworks @loader_path/Frameworks";
				PRODUCT_BUNDLE_IDENTIFIER = com.starfly.StarflyTests;
				PRODUCT_NAME = "$(TARGET_NAME)";
				SWIFT_VERSION = 3.0;
				TEST_HOST = "$(BUILT_PRODUCTS_DIR)/Starfly.app/Starfly";
			};
			name = Release;
		};
		E2B4BED21D7EB21700A013C9 /* Debug */ = {
			isa = XCBuildConfiguration;
			buildSettings = {
				DEVELOPMENT_TEAM = F7N28ZQT97;
				INFOPLIST_FILE = StarflyUITests/Info.plist;
				LD_RUNPATH_SEARCH_PATHS = "$(inherited) @executable_path/Frameworks @loader_path/Frameworks";
				PRODUCT_BUNDLE_IDENTIFIER = com.starfly.StarflyUITests;
				PRODUCT_NAME = "$(TARGET_NAME)";
				SWIFT_VERSION = 3.0;
				TEST_TARGET_NAME = Starfly;
			};
			name = Debug;
		};
		E2B4BED31D7EB21700A013C9 /* Release */ = {
			isa = XCBuildConfiguration;
			buildSettings = {
				DEVELOPMENT_TEAM = F7N28ZQT97;
				INFOPLIST_FILE = StarflyUITests/Info.plist;
				LD_RUNPATH_SEARCH_PATHS = "$(inherited) @executable_path/Frameworks @loader_path/Frameworks";
				PRODUCT_BUNDLE_IDENTIFIER = com.starfly.StarflyUITests;
				PRODUCT_NAME = "$(TARGET_NAME)";
				SWIFT_VERSION = 3.0;
				TEST_TARGET_NAME = Starfly;
			};
			name = Release;
		};
/* End XCBuildConfiguration section */

/* Begin XCConfigurationList section */
		E2B4BE9B1D7EB21700A013C9 /* Build configuration list for PBXProject "Starfly" */ = {
			isa = XCConfigurationList;
			buildConfigurations = (
				E2B4BEC91D7EB21700A013C9 /* Debug */,
				E2B4BECA1D7EB21700A013C9 /* Release */,
			);
			defaultConfigurationIsVisible = 0;
			defaultConfigurationName = Release;
		};
		E2B4BECB1D7EB21700A013C9 /* Build configuration list for PBXNativeTarget "Starfly" */ = {
			isa = XCConfigurationList;
			buildConfigurations = (
				E2B4BECC1D7EB21700A013C9 /* Debug */,
				E2B4BECD1D7EB21700A013C9 /* Release */,
			);
			defaultConfigurationIsVisible = 0;
			defaultConfigurationName = Release;
		};
		E2B4BECE1D7EB21700A013C9 /* Build configuration list for PBXNativeTarget "StarflyTests" */ = {
			isa = XCConfigurationList;
			buildConfigurations = (
				E2B4BECF1D7EB21700A013C9 /* Debug */,
				E2B4BED01D7EB21700A013C9 /* Release */,
			);
			defaultConfigurationIsVisible = 0;
			defaultConfigurationName = Release;
		};
		E2B4BED11D7EB21700A013C9 /* Build configuration list for PBXNativeTarget "StarflyUITests" */ = {
			isa = XCConfigurationList;
			buildConfigurations = (
				E2B4BED21D7EB21700A013C9 /* Debug */,
				E2B4BED31D7EB21700A013C9 /* Release */,
			);
			defaultConfigurationIsVisible = 0;
			defaultConfigurationName = Release;
		};
/* End XCConfigurationList section */
	};
	rootObject = E2B4BE981D7EB21700A013C9 /* Project object */;
}
